# This file is automatically @generated by Cargo.
# It is not intended for manual editing.
version = 4

[[package]]
name = "cfg-if"
version = "1.0.4"
source = "registry+https://github.com/rust-lang/crates.io-index"
checksum = "9330f8b2ff13f34540b44e946ef35111825727b38d33286ef986142615121801"

[[package]]
name = "chardetng"
version = "0.1.17"
source = "registry+https://github.com/rust-lang/crates.io-index"
checksum = "14b8f0b65b7b08ae3c8187e8d77174de20cb6777864c6b832d8ad365999cf1ea"
dependencies = [
 "cfg-if",
 "encoding_rs",
 "memchr",
]

[[package]]
name = "dms-toolkit-rs"
version = "0.1.0"
dependencies = [
 "chardetng",
]

[[package]]
name = "encoding_rs"
version = "0.8.35"
source = "registry+https://github.com/rust-lang/crates.io-index"
checksum = "75030f3c4f45dafd7586dd6780965a8c7e8e285a5ecb86713e63a79c5b2766f3"
dependencies = [
 "cfg-if",
]

[[package]]
name = "memchr"
version = "2.7.6"
source = "registry+https://github.com/rust-lang/crates.io-index"
checksum = "f52b00d39961fc5b2736ea853c9cc86238e165017a493d1d5c8eac6bdc4cc273"
